// !$*UTF8*$!
{
	archiveVersion = 1;
	classes = {
	};
	objectVersion = 50;
	objects = {

/* Begin PBXBuildFile section */
		0057E8DC2246CE9D008ED18E /* AppDelegate.swift in Sources */ = {isa = PBXBuildFile; fileRef = 0057E8DB2246CE9D008ED18E /* AppDelegate.swift */; };
		0057E8DE2246CE9D008ED18E /* GraphViewScene.sks in Resources */ = {isa = PBXBuildFile; fileRef = 0057E8DD2246CE9D008ED18E /* GraphViewScene.sks */; };
		0057E8E02246CE9D008ED18E /* Actions.sks in Resources */ = {isa = PBXBuildFile; fileRef = 0057E8DF2246CE9D008ED18E /* Actions.sks */; };
		0057E8E22246CE9D008ED18E /* GameScene.swift in Sources */ = {isa = PBXBuildFile; fileRef = 0057E8E12246CE9D008ED18E /* GameScene.swift */; };
		0057E8E42246CE9D008ED18E /* GameViewController.swift in Sources */ = {isa = PBXBuildFile; fileRef = 0057E8E32246CE9D008ED18E /* GameViewController.swift */; };
		0057E8E72246CE9D008ED18E /* Main.storyboard in Resources */ = {isa = PBXBuildFile; fileRef = 0057E8E52246CE9D008ED18E /* Main.storyboard */; };
		0057E8E92246CE9F008ED18E /* Assets.xcassets in Resources */ = {isa = PBXBuildFile; fileRef = 0057E8E82246CE9F008ED18E /* Assets.xcassets */; };
		0057E8EC2246CE9F008ED18E /* LaunchScreen.storyboard in Resources */ = {isa = PBXBuildFile; fileRef = 0057E8EA2246CE9F008ED18E /* LaunchScreen.storyboard */; };
		0057E8F72246CE9F008ED18E /* GraphViewTests.swift in Sources */ = {isa = PBXBuildFile; fileRef = 0057E8F62246CE9F008ED18E /* GraphViewTests.swift */; };
		0057E9022246CE9F008ED18E /* GraphViewUITests.swift in Sources */ = {isa = PBXBuildFile; fileRef = 0057E9012246CE9F008ED18E /* GraphViewUITests.swift */; };
		0057E9102246CEE8008ED18E /* GraphView.swift in Sources */ = {isa = PBXBuildFile; fileRef = 0057E90F2246CEE8008ED18E /* GraphView.swift */; };
/* End PBXBuildFile section */

/* Begin PBXContainerItemProxy section */
		0057E8F32246CE9F008ED18E /* PBXContainerItemProxy */ = {
			isa = PBXContainerItemProxy;
			containerPortal = 0057E8D02246CE9D008ED18E /* Project object */;
			proxyType = 1;
			remoteGlobalIDString = 0057E8D72246CE9D008ED18E;
			remoteInfo = GraphView;
		};
		0057E8FE2246CE9F008ED18E /* PBXContainerItemProxy */ = {
			isa = PBXContainerItemProxy;
			containerPortal = 0057E8D02246CE9D008ED18E /* Project object */;
			proxyType = 1;
			remoteGlobalIDString = 0057E8D72246CE9D008ED18E;
			remoteInfo = GraphView;
		};
/* End PBXContainerItemProxy section */

/* Begin PBXFileReference section */
		0057E8D82246CE9D008ED18E /* GraphView.app */ = {isa = PBXFileReference; explicitFileType = wrapper.application; includeInIndex = 0; path = GraphView.app; sourceTree = BUILT_PRODUCTS_DIR; };
		0057E8DB2246CE9D008ED18E /* AppDelegate.swift */ = {isa = PBXFileReference; lastKnownFileType = sourcecode.swift; path = AppDelegate.swift; sourceTree = "<group>"; };
		0057E8DD2246CE9D008ED18E /* GraphViewScene.sks */ = {isa = PBXFileReference; lastKnownFileType = file.sks; path = GraphViewScene.sks; sourceTree = "<group>"; };
		0057E8DF2246CE9D008ED18E /* Actions.sks */ = {isa = PBXFileReference; lastKnownFileType = file.sks; path = Actions.sks; sourceTree = "<group>"; };
		0057E8E12246CE9D008ED18E /* GameScene.swift */ = {isa = PBXFileReference; lastKnownFileType = sourcecode.swift; path = GameScene.swift; sourceTree = "<group>"; };
		0057E8E32246CE9D008ED18E /* GameViewController.swift */ = {isa = PBXFileReference; lastKnownFileType = sourcecode.swift; path = GameViewController.swift; sourceTree = "<group>"; };
		0057E8E62246CE9D008ED18E /* Base */ = {isa = PBXFileReference; lastKnownFileType = file.storyboard; name = Base; path = Base.lproj/Main.storyboard; sourceTree = "<group>"; };
		0057E8E82246CE9F008ED18E /* Assets.xcassets */ = {isa = PBXFileReference; lastKnownFileType = folder.assetcatalog; path = Assets.xcassets; sourceTree = "<group>"; };
		0057E8EB2246CE9F008ED18E /* Base */ = {isa = PBXFileReference; lastKnownFileType = file.storyboard; name = Base; path = Base.lproj/LaunchScreen.storyboard; sourceTree = "<group>"; };
		0057E8ED2246CE9F008ED18E /* Info.plist */ = {isa = PBXFileReference; lastKnownFileType = text.plist.xml; path = Info.plist; sourceTree = "<group>"; };
		0057E8F22246CE9F008ED18E /* GraphViewTests.xctest */ = {isa = PBXFileReference; explicitFileType = wrapper.cfbundle; includeInIndex = 0; path = GraphViewTests.xctest; sourceTree = BUILT_PRODUCTS_DIR; };
		0057E8F62246CE9F008ED18E /* GraphViewTests.swift */ = {isa = PBXFileReference; lastKnownFileType = sourcecode.swift; path = GraphViewTests.swift; sourceTree = "<group>"; };
		0057E8F82246CE9F008ED18E /* Info.plist */ = {isa = PBXFileReference; lastKnownFileType = text.plist.xml; path = Info.plist; sourceTree = "<group>"; };
		0057E8FD2246CE9F008ED18E /* GraphViewUITests.xctest */ = {isa = PBXFileReference; explicitFileType = wrapper.cfbundle; includeInIndex = 0; path = GraphViewUITests.xctest; sourceTree = BUILT_PRODUCTS_DIR; };
		0057E9012246CE9F008ED18E /* GraphViewUITests.swift */ = {isa = PBXFileReference; lastKnownFileType = sourcecode.swift; path = GraphViewUITests.swift; sourceTree = "<group>"; };
		0057E9032246CE9F008ED18E /* Info.plist */ = {isa = PBXFileReference; lastKnownFileType = text.plist.xml; path = Info.plist; sourceTree = "<group>"; };
		0057E90F2246CEE8008ED18E /* GraphView.swift */ = {isa = PBXFileReference; lastKnownFileType = sourcecode.swift; path = GraphView.swift; sourceTree = "<group>"; };
/* End PBXFileReference section */

/* Begin PBXFrameworksBuildPhase section */
		0057E8D52246CE9D008ED18E /* Frameworks */ = {
			isa = PBXFrameworksBuildPhase;
			buildActionMask = 2147483647;
			files = (
			);
			runOnlyForDeploymentPostprocessing = 0;
		};
		0057E8EF2246CE9F008ED18E /* Frameworks */ = {
			isa = PBXFrameworksBuildPhase;
			buildActionMask = 2147483647;
			files = (
			);
			runOnlyForDeploymentPostprocessing = 0;
		};
		0057E8FA2246CE9F008ED18E /* Frameworks */ = {
			isa = PBXFrameworksBuildPhase;
			buildActionMask = 2147483647;
			files = (
			);
			runOnlyForDeploymentPostprocessing = 0;
		};
/* End PBXFrameworksBuildPhase section */

/* Begin PBXGroup section */
		0057E8CF2246CE9D008ED18E = {
			isa = PBXGroup;
			children = (
				0057E8DA2246CE9D008ED18E /* GraphView */,
				0057E8F52246CE9F008ED18E /* GraphViewTests */,
				0057E9002246CE9F008ED18E /* GraphViewUITests */,
				0057E8D92246CE9D008ED18E /* Products */,
			);
			sourceTree = "<group>";
		};
		0057E8D92246CE9D008ED18E /* Products */ = {
			isa = PBXGroup;
			children = (
				0057E8D82246CE9D008ED18E /* GraphView.app */,
				0057E8F22246CE9F008ED18E /* GraphViewTests.xctest */,
				0057E8FD2246CE9F008ED18E /* GraphViewUITests.xctest */,
			);
			name = Products;
			sourceTree = "<group>";
		};
		0057E8DA2246CE9D008ED18E /* GraphView */ = {
			isa = PBXGroup;
			children = (
				0057E8DB2246CE9D008ED18E /* AppDelegate.swift */,
				0057E8DD2246CE9D008ED18E /* GraphViewScene.sks */,
				0057E8DF2246CE9D008ED18E /* Actions.sks */,
				0057E8E12246CE9D008ED18E /* GameScene.swift */,
				0057E8E32246CE9D008ED18E /* GameViewController.swift */,
				0057E90F2246CEE8008ED18E /* GraphView.swift */,
				0057E8E52246CE9D008ED18E /* Main.storyboard */,
				0057E8E82246CE9F008ED18E /* Assets.xcassets */,
				0057E8EA2246CE9F008ED18E /* LaunchScreen.storyboard */,
				0057E8ED2246CE9F008ED18E /* Info.plist */,
			);
			path = GraphView;
			sourceTree = "<group>";
		};
		0057E8F52246CE9F008ED18E /* GraphViewTests */ = {
			isa = PBXGroup;
			children = (
				0057E8F62246CE9F008ED18E /* GraphViewTests.swift */,
				0057E8F82246CE9F008ED18E /* Info.plist */,
			);
			path = GraphViewTests;
			sourceTree = "<group>";
		};
		0057E9002246CE9F008ED18E /* GraphViewUITests */ = {
			isa = PBXGroup;
			children = (
				0057E9012246CE9F008ED18E /* GraphViewUITests.swift */,
				0057E9032246CE9F008ED18E /* Info.plist */,
			);
			path = GraphViewUITests;
			sourceTree = "<group>";
		};
/* End PBXGroup section */

/* Begin PBXNativeTarget section */
		0057E8D72246CE9D008ED18E /* GraphView */ = {
			isa = PBXNativeTarget;
			buildConfigurationList = 0057E9062246CE9F008ED18E /* Build configuration list for PBXNativeTarget "GraphView" */;
			buildPhases = (
				0057E8D42246CE9D008ED18E /* Sources */,
				0057E8D52246CE9D008ED18E /* Frameworks */,
				0057E8D62246CE9D008ED18E /* Resources */,
			);
			buildRules = (
			);
			dependencies = (
			);
			name = GraphView;
			productName = GraphView;
			productReference = 0057E8D82246CE9D008ED18E /* GraphView.app */;
			productType = "com.apple.product-type.application";
		};
		0057E8F12246CE9F008ED18E /* GraphViewTests */ = {
			isa = PBXNativeTarget;
			buildConfigurationList = 0057E9092246CE9F008ED18E /* Build configuration list for PBXNativeTarget "GraphViewTests" */;
			buildPhases = (
				0057E8EE2246CE9F008ED18E /* Sources */,
				0057E8EF2246CE9F008ED18E /* Frameworks */,
				0057E8F02246CE9F008ED18E /* Resources */,
			);
			buildRules = (
			);
			dependencies = (
				0057E8F42246CE9F008ED18E /* PBXTargetDependency */,
			);
			name = GraphViewTests;
			productName = GraphViewTests;
			productReference = 0057E8F22246CE9F008ED18E /* GraphViewTests.xctest */;
			productType = "com.apple.product-type.bundle.unit-test";
		};
		0057E8FC2246CE9F008ED18E /* GraphViewUITests */ = {
			isa = PBXNativeTarget;
			buildConfigurationList = 0057E90C2246CE9F008ED18E /* Build configuration list for PBXNativeTarget "GraphViewUITests" */;
			buildPhases = (
				0057E8F92246CE9F008ED18E /* Sources */,
				0057E8FA2246CE9F008ED18E /* Frameworks */,
				0057E8FB2246CE9F008ED18E /* Resources */,
			);
			buildRules = (
			);
			dependencies = (
				0057E8FF2246CE9F008ED18E /* PBXTargetDependency */,
			);
			name = GraphViewUITests;
			productName = GraphViewUITests;
			productReference = 0057E8FD2246CE9F008ED18E /* GraphViewUITests.xctest */;
			productType = "com.apple.product-type.bundle.ui-testing";
		};
/* End PBXNativeTarget section */

/* Begin PBXProject section */
		0057E8D02246CE9D008ED18E /* Project object */ = {
			isa = PBXProject;
			attributes = {
				LastSwiftUpdateCheck = 1010;
				LastUpgradeCheck = 1010;
				ORGANIZATIONNAME = "Yongyang Nie";
				TargetAttributes = {
					0057E8D72246CE9D008ED18E = {
						CreatedOnToolsVersion = 10.1;
					};
					0057E8F12246CE9F008ED18E = {
						CreatedOnToolsVersion = 10.1;
						TestTargetID = 0057E8D72246CE9D008ED18E;
					};
					0057E8FC2246CE9F008ED18E = {
						CreatedOnToolsVersion = 10.1;
						TestTargetID = 0057E8D72246CE9D008ED18E;
					};
				};
			};
			buildConfigurationList = 0057E8D32246CE9D008ED18E /* Build configuration list for PBXProject "GraphView" */;
			compatibilityVersion = "Xcode 9.3";
			developmentRegion = en;
			hasScannedForEncodings = 0;
			knownRegions = (
				en,
				Base,
			);
			mainGroup = 0057E8CF2246CE9D008ED18E;
			productRefGroup = 0057E8D92246CE9D008ED18E /* Products */;
			projectDirPath = "";
			projectRoot = "";
			targets = (
				0057E8D72246CE9D008ED18E /* GraphView */,
				0057E8F12246CE9F008ED18E /* GraphViewTests */,
				0057E8FC2246CE9F008ED18E /* GraphViewUITests */,
			);
		};
/* End PBXProject section */

/* Begin PBXResourcesBuildPhase section */
		0057E8D62246CE9D008ED18E /* Resources */ = {
			isa = PBXResourcesBuildPhase;
			buildActionMask = 2147483647;
			files = (
				0057E8E72246CE9D008ED18E /* Main.storyboard in Resources */,
				0057E8DE2246CE9D008ED18E /* GraphViewScene.sks in Resources */,
				0057E8E92246CE9F008ED18E /* Assets.xcassets in Resources */,
				0057E8EC2246CE9F008ED18E /* LaunchScreen.storyboard in Resources */,
				0057E8E02246CE9D008ED18E /* Actions.sks in Resources */,
			);
			runOnlyForDeploymentPostprocessing = 0;
		};
		0057E8F02246CE9F008ED18E /* Resources */ = {
			isa = PBXResourcesBuildPhase;
			buildActionMask = 2147483647;
			files = (
			);
			runOnlyForDeploymentPostprocessing = 0;
		};
		0057E8FB2246CE9F008ED18E /* Resources */ = {
			isa = PBXResourcesBuildPhase;
			buildActionMask = 2147483647;
			files = (
			);
			runOnlyForDeploymentPostprocessing = 0;
		};
/* End PBXResourcesBuildPhase section */

/* Begin PBXSourcesBuildPhase section */
		0057E8D42246CE9D008ED18E /* Sources */ = {
			isa = PBXSourcesBuildPhase;
			buildActionMask = 2147483647;
			files = (
				0057E8E22246CE9D008ED18E /* GameScene.swift in Sources */,
				0057E8E42246CE9D008ED18E /* GameViewController.swift in Sources */,
				0057E9102246CEE8008ED18E /* GraphView.swift in Sources */,
				0057E8DC2246CE9D008ED18E /* AppDelegate.swift in Sources */,
			);
			runOnlyForDeploymentPostprocessing = 0;
		};
		0057E8EE2246CE9F008ED18E /* Sources */ = {
			isa = PBXSourcesBuildPhase;
			buildActionMask = 2147483647;
			files = (
				0057E8F72246CE9F008ED18E /* GraphViewTests.swift in Sources */,
			);
			runOnlyForDeploymentPostprocessing = 0;
		};
		0057E8F92246CE9F008ED18E /* Sources */ = {
			isa = PBXSourcesBuildPhase;
			buildActionMask = 2147483647;
			files = (
				0057E9022246CE9F008ED18E /* GraphViewUITests.swift in Sources */,
			);
			runOnlyForDeploymentPostprocessing = 0;
		};
/* End PBXSourcesBuildPhase section */

/* Begin PBXTargetDependency section */
		0057E8F42246CE9F008ED18E /* PBXTargetDependency */ = {
			isa = PBXTargetDependency;
			target = 0057E8D72246CE9D008ED18E /* GraphView */;
			targetProxy = 0057E8F32246CE9F008ED18E /* PBXContainerItemProxy */;
		};
		0057E8FF2246CE9F008ED18E /* PBXTargetDependency */ = {
			isa = PBXTargetDependency;
			target = 0057E8D72246CE9D008ED18E /* GraphView */;
			targetProxy = 0057E8FE2246CE9F008ED18E /* PBXContainerItemProxy */;
		};
/* End PBXTargetDependency section */

/* Begin PBXVariantGroup section */
		0057E8E52246CE9D008ED18E /* Main.storyboard */ = {
			isa = PBXVariantGroup;
			children = (
				0057E8E62246CE9D008ED18E /* Base */,
			);
			name = Main.storyboard;
			sourceTree = "<group>";
		};
		0057E8EA2246CE9F008ED18E /* LaunchScreen.storyboard */ = {
			isa = PBXVariantGroup;
			children = (
				0057E8EB2246CE9F008ED18E /* Base */,
			);
			name = LaunchScreen.storyboard;
			sourceTree = "<group>";
		};
/* End PBXVariantGroup section */

/* Begin XCBuildConfiguration section */
		0057E9042246CE9F008ED18E /* Debug */ = {
			isa = XCBuildConfiguration;
			buildSettings = {
				ALWAYS_SEARCH_USER_PATHS = NO;
				CLANG_ANALYZER_NONNULL = YES;
				CLANG_ANALYZER_NUMBER_OBJECT_CONVERSION = YES_AGGRESSIVE;
				CLANG_CXX_LANGUAGE_STANDARD = "gnu++14";
				CLANG_CXX_LIBRARY = "libc++";
				CLANG_ENABLE_MODULES = YES;
				CLANG_ENABLE_OBJC_ARC = YES;
				CLANG_ENABLE_OBJC_WEAK = YES;
				CLANG_WARN_BLOCK_CAPTURE_AUTORELEASING = YES;
				CLANG_WARN_BOOL_CONVERSION = YES;
				CLANG_WARN_COMMA = YES;
				CLANG_WARN_CONSTANT_CONVERSION = YES;
				CLANG_WARN_DEPRECATED_OBJC_IMPLEMENTATIONS = YES;
				CLANG_WARN_DIRECT_OBJC_ISA_USAGE = YES_ERROR;
				CLANG_WARN_DOCUMENTATION_COMMENTS = YES;
				CLANG_WARN_EMPTY_BODY = YES;
				CLANG_WARN_ENUM_CONVERSION = YES;
				CLANG_WARN_INFINITE_RECURSION = YES;
				CLANG_WARN_INT_CONVERSION = YES;
				CLANG_WARN_NON_LITERAL_NULL_CONVERSION = YES;
				CLANG_WARN_OBJC_IMPLICIT_RETAIN_SELF = YES;
				CLANG_WARN_OBJC_LITERAL_CONVERSION = YES;
				CLANG_WARN_OBJC_ROOT_CLASS = YES_ERROR;
				CLANG_WARN_RANGE_LOOP_ANALYSIS = YES;
				CLANG_WARN_STRICT_PROTOTYPES = YES;
				CLANG_WARN_SUSPICIOUS_MOVE = YES;
				CLANG_WARN_UNGUARDED_AVAILABILITY = YES_AGGRESSIVE;
				CLANG_WARN_UNREACHABLE_CODE = YES;
				CLANG_WARN__DUPLICATE_METHOD_MATCH = YES;
				CODE_SIGN_IDENTITY = "iPhone Developer";
				COPY_PHASE_STRIP = NO;
				DEBUG_INFORMATION_FORMAT = dwarf;
				ENABLE_STRICT_OBJC_MSGSEND = YES;
				ENABLE_TESTABILITY = YES;
				GCC_C_LANGUAGE_STANDARD = gnu11;
				GCC_DYNAMIC_NO_PIC = NO;
				GCC_NO_COMMON_BLOCKS = YES;
				GCC_OPTIMIZATION_LEVEL = 0;
				GCC_PREPROCESSOR_DEFINITIONS = (
					"DEBUG=1",
					"$(inherited)",
				);
				GCC_WARN_64_TO_32_BIT_CONVERSION = YES;
				GCC_WARN_ABOUT_RETURN_TYPE = YES_ERROR;
				GCC_WARN_UNDECLARED_SELECTOR = YES;
				GCC_WARN_UNINITIALIZED_AUTOS = YES_AGGRESSIVE;
				GCC_WARN_UNUSED_FUNCTION = YES;
				GCC_WARN_UNUSED_VARIABLE = YES;
				IPHONEOS_DEPLOYMENT_TARGET = 12.1;
				MTL_ENABLE_DEBUG_INFO = INCLUDE_SOURCE;
				MTL_FAST_MATH = YES;
				ONLY_ACTIVE_ARCH = YES;
				SDKROOT = iphoneos;
				SWIFT_ACTIVE_COMPILATION_CONDITIONS = DEBUG;
				SWIFT_OPTIMIZATION_LEVEL = "-Onone";
			};
			name = Debug;
		};
		0057E9052246CE9F008ED18E /* Release */ = {
			isa = XCBuildConfiguration;
			buildSettings = {
				ALWAYS_SEARCH_USER_PATHS = NO;
				CLANG_ANALYZER_NONNULL = YES;
				CLANG_ANALYZER_NUMBER_OBJECT_CONVERSION = YES_AGGRESSIVE;
				CLANG_CXX_LANGUAGE_STANDARD = "gnu++14";
				CLANG_CXX_LIBRARY = "libc++";
				CLANG_ENABLE_MODULES = YES;
				CLANG_ENABLE_OBJC_ARC = YES;
				CLANG_ENABLE_OBJC_WEAK = YES;
				CLANG_WARN_BLOCK_CAPTURE_AUTORELEASING = YES;
				CLANG_WARN_BOOL_CONVERSION = YES;
				CLANG_WARN_COMMA = YES;
				CLANG_WARN_CONSTANT_CONVERSION = YES;
				CLANG_WARN_DEPRECATED_OBJC_IMPLEMENTATIONS = YES;
				CLANG_WARN_DIRECT_OBJC_ISA_USAGE = YES_ERROR;
				CLANG_WARN_DOCUMENTATION_COMMENTS = YES;
				CLANG_WARN_EMPTY_BODY = YES;
				CLANG_WARN_ENUM_CONVERSION = YES;
				CLANG_WARN_INFINITE_RECURSION = YES;
				CLANG_WARN_INT_CONVERSION = YES;
				CLANG_WARN_NON_LITERAL_NULL_CONVERSION = YES;
				CLANG_WARN_OBJC_IMPLICIT_RETAIN_SELF = YES;
				CLANG_WARN_OBJC_LITERAL_CONVERSION = YES;
				CLANG_WARN_OBJC_ROOT_CLASS = YES_ERROR;
				CLANG_WARN_RANGE_LOOP_ANALYSIS = YES;
				CLANG_WARN_STRICT_PROTOTYPES = YES;
				CLANG_WARN_SUSPICIOUS_MOVE = YES;
				CLANG_WARN_UNGUARDED_AVAILABILITY = YES_AGGRESSIVE;
				CLANG_WARN_UNREACHABLE_CODE = YES;
				CLANG_WARN__DUPLICATE_METHOD_MATCH = YES;
				CODE_SIGN_IDENTITY = "iPhone Developer";
				COPY_PHASE_STRIP = NO;
				DEBUG_INFORMATION_FORMAT = "dwarf-with-dsym";
				ENABLE_NS_ASSERTIONS = NO;
				ENABLE_STRICT_OBJC_MSGSEND = YES;
				GCC_C_LANGUAGE_STANDARD = gnu11;
				GCC_NO_COMMON_BLOCKS = YES;
				GCC_WARN_64_TO_32_BIT_CONVERSION = YES;
				GCC_WARN_ABOUT_RETURN_TYPE = YES_ERROR;
				GCC_WARN_UNDECLARED_SELECTOR = YES;
				GCC_WARN_UNINITIALIZED_AUTOS = YES_AGGRESSIVE;
				GCC_WARN_UNUSED_FUNCTION = YES;
				GCC_WARN_UNUSED_VARIABLE = YES;
				IPHONEOS_DEPLOYMENT_TARGET = 12.1;
				MTL_ENABLE_DEBUG_INFO = NO;
				MTL_FAST_MATH = YES;
				SDKROOT = iphoneos;
				SWIFT_COMPILATION_MODE = wholemodule;
				SWIFT_OPTIMIZATION_LEVEL = "-O";
				VALIDATE_PRODUCT = YES;
			};
			name = Release;
		};
		0057E9072246CE9F008ED18E /* Debug */ = {
			isa = XCBuildConfiguration;
			buildSettings = {
				ASSETCATALOG_COMPILER_APPICON_NAME = AppIcon;
				CODE_SIGN_STYLE = Automatic;
				DEVELOPMENT_TEAM = YC4C987ET6;
				INFOPLIST_FILE = GraphView/Info.plist;
				LD_RUNPATH_SEARCH_PATHS = (
					"$(inherited)",
					"@executable_path/Frameworks",
				);
				PRODUCT_BUNDLE_IDENTIFIER = com.yongyang.GraphView;
				PRODUCT_NAME = "$(TARGET_NAME)";
				SWIFT_VERSION = 4.2;
				TARGETED_DEVICE_FAMILY = "1,2";
			};
			name = Debug;
		};
		0057E9082246CE9F008ED18E /* Release */ = {
			isa = XCBuildConfiguration;
			buildSettings = {
				ASSETCATALOG_COMPILER_APPICON_NAME = AppIcon;
				CODE_SIGN_STYLE = Automatic;
				DEVELOPMENT_TEAM = YC4C987ET6;
				INFOPLIST_FILE = GraphView/Info.plist;
				LD_RUNPATH_SEARCH_PATHS = (
					"$(inherited)",
					"@executable_path/Frameworks",
				);
				PRODUCT_BUNDLE_IDENTIFIER = com.yongyang.GraphView;
				PRODUCT_NAME = "$(TARGET_NAME)";
				SWIFT_VERSION = 4.2;
				TARGETED_DEVICE_FAMILY = "1,2";
			};
			name = Release;
		};
		0057E90A2246CE9F008ED18E /* Debug */ = {
			isa = XCBuildConfiguration;
			buildSettings = {
				ALWAYS_EMBED_SWIFT_STANDARD_LIBRARIES = YES;
				BUNDLE_LOADER = "$(TEST_HOST)";
				CODE_SIGN_STYLE = Automatic;
				DEVELOPMENT_TEAM = YC4C987ET6;
				INFOPLIST_FILE = GraphViewTests/Info.plist;
				LD_RUNPATH_SEARCH_PATHS = (
					"$(inherited)",
					"@executable_path/Frameworks",
					"@loader_path/Frameworks",
				);
				PRODUCT_BUNDLE_IDENTIFIER = com.yongyang.GraphViewTests;
				PRODUCT_NAME = "$(TARGET_NAME)";
				SWIFT_VERSION = 4.2;
				TARGETED_DEVICE_FAMILY = "1,2";
				TEST_HOST = "$(BUILT_PRODUCTS_DIR)/GraphView.app/GraphView";
			};
			name = Debug;
		};
		0057E90B2246CE9F008ED18E /* Release */ = {
			isa = XCBuildConfiguration;
			buildSettings = {
				ALWAYS_EMBED_SWIFT_STANDARD_LIBRARIES = YES;
				BUNDLE_LOADER = "$(TEST_HOST)";
				CODE_SIGN_STYLE = Automatic;
				DEVELOPMENT_TEAM = YC4C987ET6;
				INFOPLIST_FILE = GraphViewTests/Info.plist;
				LD_RUNPATH_SEARCH_PATHS = (
					"$(inherited)",
					"@executable_path/Frameworks",
					"@loader_path/Frameworks",
				);
				PRODUCT_BUNDLE_IDENTIFIER = com.yongyang.GraphViewTests;
				PRODUCT_NAME = "$(TARGET_NAME)";
				SWIFT_VERSION = 4.2;
				TARGETED_DEVICE_FAMILY = "1,2";
				TEST_HOST = "$(BUILT_PRODUCTS_DIR)/GraphView.app/GraphView";
			};
			name = Release;
		};
		0057E90D2246CE9F008ED18E /* Debug */ = {
			isa = XCBuildConfiguration;
			buildSettings = {
				ALWAYS_EMBED_SWIFT_STANDARD_LIBRARIES = YES;
				CODE_SIGN_STYLE = Automatic;
				DEVELOPMENT_TEAM = YC4C987ET6;
				INFOPLIST_FILE = GraphViewUITests/Info.plist;
				LD_RUNPATH_SEARCH_PATHS = (
					"$(inherited)",
					"@executable_path/Frameworks",
					"@loader_path/Frameworks",
				);
				PRODUCT_BUNDLE_IDENTIFIER = com.yongyang.GraphViewUITests;
				PRODUCT_NAME = "$(TARGET_NAME)";
				SWIFT_VERSION = 4.2;
				TARGETED_DEVICE_FAMILY = "1,2";
				TEST_TARGET_NAME = GraphView;
			};
			name = Debug;
		};
		0057E90E2246CE9F008ED18E /* Release */ = {
			isa = XCBuildConfiguration;
			buildSettings = {
				ALWAYS_EMBED_SWIFT_STANDARD_LIBRARIES = YES;
				CODE_SIGN_STYLE = Automatic;
				DEVELOPMENT_TEAM = YC4C987ET6;
				INFOPLIST_FILE = GraphViewUITests/Info.plist;
				LD_RUNPATH_SEARCH_PATHS = (
					"$(inherited)",
					"@executable_path/Frameworks",
					"@loader_path/Frameworks",
				);
				PRODUCT_BUNDLE_IDENTIFIER = com.yongyang.GraphViewUITests;
				PRODUCT_NAME = "$(TARGET_NAME)";
				SWIFT_VERSION = 4.2;
				TARGETED_DEVICE_FAMILY = "1,2";
				TEST_TARGET_NAME = GraphView;
			};
			name = Release;
		};
/* End XCBuildConfiguration section */

/* Begin XCConfigurationList section */
		0057E8D32246CE9D008ED18E /* Build configuration list for PBXProject "GraphView" */ = {
			isa = XCConfigurationList;
			buildConfigurations = (
				0057E9042246CE9F008ED18E /* Debug */,
				0057E9052246CE9F008ED18E /* Release */,
			);
			defaultConfigurationIsVisible = 0;
			defaultConfigurationName = Release;
		};
		0057E9062246CE9F008ED18E /* Build configuration list for PBXNativeTarget "GraphView" */ = {
			isa = XCConfigurationList;
			buildConfigurations = (
				0057E9072246CE9F008ED18E /* Debug */,
				0057E9082246CE9F008ED18E /* Release */,
			);
			defaultConfigurationIsVisible = 0;
			defaultConfigurationName = Release;
		};
		0057E9092246CE9F008ED18E /* Build configuration list for PBXNativeTarget "GraphViewTests" */ = {
			isa = XCConfigurationList;
			buildConfigurations = (
				0057E90A2246CE9F008ED18E /* Debug */,
				0057E90B2246CE9F008ED18E /* Release */,
			);
			defaultConfigurationIsVisible = 0;
			defaultConfigurationName = Release;
		};
		0057E90C2246CE9F008ED18E /* Build configuration list for PBXNativeTarget "GraphViewUITests" */ = {
			isa = XCConfigurationList;
			buildConfigurations = (
				0057E90D2246CE9F008ED18E /* Debug */,
				0057E90E2246CE9F008ED18E /* Release */,
			);
			defaultConfigurationIsVisible = 0;
			defaultConfigurationName = Release;
		};
/* End XCConfigurationList section */
	};
	rootObject = 0057E8D02246CE9D008ED18E /* Project object */;
}
